// !$*UTF8*$!
{
	archiveVersion = 1;
	classes = {
	};
	objectVersion = 46;
	objects = {

/* Begin PBXBuildFile section */
		2C93CCA419713B7600AC4A8F /* main.m in Sources */ = {isa = PBXBuildFile; fileRef = 2C93CCA319713B7600AC4A8F /* main.m */; };
		2C93CCA719713B7600AC4A8F /* AppDelegate.m in Sources */ = {isa = PBXBuildFile; fileRef = 2C93CCA619713B7600AC4A8F /* AppDelegate.m */; };
		2C93CCAA19713B7600AC4A8F /* FirstViewController.m in Sources */ = {isa = PBXBuildFile; fileRef = 2C93CCA919713B7600AC4A8F /* FirstViewController.m */; };
		2C93CCAD19713B7600AC4A8F /* SecondViewController.m in Sources */ = {isa = PBXBuildFile; fileRef = 2C93CCAC19713B7600AC4A8F /* SecondViewController.m */; };
		2C93CCB019713B7600AC4A8F /* Main.storyboard in Resources */ = {isa = PBXBuildFile; fileRef = 2C93CCAE19713B7600AC4A8F /* Main.storyboard */; };
		2C93CCB219713B7600AC4A8F /* Images.xcassets in Resources */ = {isa = PBXBuildFile; fileRef = 2C93CCB119713B7600AC4A8F /* Images.xcassets */; };
		2C93CCBE19713B7600AC4A8F /* WonderlandTests.m in Sources */ = {isa = PBXBuildFile; fileRef = 2C93CCBD19713B7600AC4A8F /* WonderlandTests.m */; };
		2C93CCC919715C8000AC4A8F /* CharactersTableViewController.m in Sources */ = {isa = PBXBuildFile; fileRef = 2C93CCC819715C8000AC4A8F /* CharactersTableViewController.m */; };
		2C93CCCB19715C9D00AC4A8F /* Characters.plist in Resources */ = {isa = PBXBuildFile; fileRef = 2C93CCCA19715C9D00AC4A8F /* Characters.plist */; };
/* End PBXBuildFile section */

/* Begin PBXContainerItemProxy section */
		2C93CCB819713B7600AC4A8F /* PBXContainerItemProxy */ = {
			isa = PBXContainerItemProxy;
			containerPortal = 2C93CC9619713B7600AC4A8F /* Project object */;
			proxyType = 1;
			remoteGlobalIDString = 2C93CC9D19713B7600AC4A8F;
			remoteInfo = Wonderland;
		};
/* End PBXContainerItemProxy section */

/* Begin PBXFileReference section */
		2C93CC9E19713B7600AC4A8F /* Wonderland.app */ = {isa = PBXFileReference; explicitFileType = wrapper.application; includeInIndex = 0; path = Wonderland.app; sourceTree = BUILT_PRODUCTS_DIR; };
		2C93CCA219713B7600AC4A8F /* Info.plist */ = {isa = PBXFileReference; lastKnownFileType = text.plist.xml; path = Info.plist; sourceTree = "<group>"; };
		2C93CCA319713B7600AC4A8F /* main.m */ = {isa = PBXFileReference; lastKnownFileType = sourcecode.c.objc; path = main.m; sourceTree = "<group>"; };
		2C93CCA519713B7600AC4A8F /* AppDelegate.h */ = {isa = PBXFileReference; lastKnownFileType = sourcecode.c.h; path = AppDelegate.h; sourceTree = "<group>"; };
		2C93CCA619713B7600AC4A8F /* AppDelegate.m */ = {isa = PBXFileReference; lastKnownFileType = sourcecode.c.objc; path = AppDelegate.m; sourceTree = "<group>"; };
		2C93CCA819713B7600AC4A8F /* FirstViewController.h */ = {isa = PBXFileReference; lastKnownFileType = sourcecode.c.h; path = FirstViewController.h; sourceTree = "<group>"; };
		2C93CCA919713B7600AC4A8F /* FirstViewController.m */ = {isa = PBXFileReference; lastKnownFileType = sourcecode.c.objc; path = FirstViewController.m; sourceTree = "<group>"; };
		2C93CCAB19713B7600AC4A8F /* SecondViewController.h */ = {isa = PBXFileReference; lastKnownFileType = sourcecode.c.h; path = SecondViewController.h; sourceTree = "<group>"; };
		2C93CCAC19713B7600AC4A8F /* SecondViewController.m */ = {isa = PBXFileReference; lastKnownFileType = sourcecode.c.objc; path = SecondViewController.m; sourceTree = "<group>"; };
		2C93CCAF19713B7600AC4A8F /* Base */ = {isa = PBXFileReference; lastKnownFileType = file.storyboard; name = Base; path = Base.lproj/Main.storyboard; sourceTree = "<group>"; };
		2C93CCB119713B7600AC4A8F /* Images.xcassets */ = {isa = PBXFileReference; lastKnownFileType = folder.assetcatalog; path = Images.xcassets; sourceTree = "<group>"; };
		2C93CCB719713B7600AC4A8F /* WonderlandTests.xctest */ = {isa = PBXFileReference; explicitFileType = wrapper.cfbundle; includeInIndex = 0; path = WonderlandTests.xctest; sourceTree = BUILT_PRODUCTS_DIR; };
		2C93CCBC19713B7600AC4A8F /* Info.plist */ = {isa = PBXFileReference; lastKnownFileType = text.plist.xml; path = Info.plist; sourceTree = "<group>"; };
		2C93CCBD19713B7600AC4A8F /* WonderlandTests.m */ = {isa = PBXFileReference; lastKnownFileType = sourcecode.c.objc; path = WonderlandTests.m; sourceTree = "<group>"; };
		2C93CCC719715C8000AC4A8F /* CharactersTableViewController.h */ = {isa = PBXFileReference; fileEncoding = 4; lastKnownFileType = sourcecode.c.h; path = CharactersTableViewController.h; sourceTree = "<group>"; };
		2C93CCC819715C8000AC4A8F /* CharactersTableViewController.m */ = {isa = PBXFileReference; fileEncoding = 4; lastKnownFileType = sourcecode.c.objc; path = CharactersTableViewController.m; sourceTree = "<group>"; };
		2C93CCCA19715C9D00AC4A8F /* Characters.plist */ = {isa = PBXFileReference; fileEncoding = 4; lastKnownFileType = text.plist.xml; path = Characters.plist; sourceTree = "<group>"; };
/* End PBXFileReference section */

/* Begin PBXFrameworksBuildPhase section */
		2C93CC9B19713B7600AC4A8F /* Frameworks */ = {
			isa = PBXFrameworksBuildPhase;
			buildActionMask = 2147483647;
			files = (
			);
			runOnlyForDeploymentPostprocessing = 0;
		};
		2C93CCB419713B7600AC4A8F /* Frameworks */ = {
			isa = PBXFrameworksBuildPhase;
			buildActionMask = 2147483647;
			files = (
			);
			runOnlyForDeploymentPostprocessing = 0;
		};
/* End PBXFrameworksBuildPhase section */

/* Begin PBXGroup section */
		2C93CC9519713B7600AC4A8F = {
			isa = PBXGroup;
			children = (
				2C93CCA019713B7600AC4A8F /* Wonderland */,
				2C93CCBA19713B7600AC4A8F /* WonderlandTests */,
				2C93CC9F19713B7600AC4A8F /* Products */,
			);
			sourceTree = "<group>";
		};
		2C93CC9F19713B7600AC4A8F /* Products */ = {
			isa = PBXGroup;
			children = (
				2C93CC9E19713B7600AC4A8F /* Wonderland.app */,
				2C93CCB719713B7600AC4A8F /* WonderlandTests.xctest */,
			);
			name = Products;
			sourceTree = "<group>";
		};
		2C93CCA019713B7600AC4A8F /* Wonderland */ = {
			isa = PBXGroup;
			children = (
				2C93CCC719715C8000AC4A8F /* CharactersTableViewController.h */,
				2C93CCC819715C8000AC4A8F /* CharactersTableViewController.m */,
				2C93CCA519713B7600AC4A8F /* AppDelegate.h */,
				2C93CCA619713B7600AC4A8F /* AppDelegate.m */,
				2C93CCA819713B7600AC4A8F /* FirstViewController.h */,
				2C93CCA919713B7600AC4A8F /* FirstViewController.m */,
				2C93CCAB19713B7600AC4A8F /* SecondViewController.h */,
				2C93CCAC19713B7600AC4A8F /* SecondViewController.m */,
				2C93CCAE19713B7600AC4A8F /* Main.storyboard */,
				2C93CCCA19715C9D00AC4A8F /* Characters.plist */,
				2C93CCB119713B7600AC4A8F /* Images.xcassets */,
				2C93CCA119713B7600AC4A8F /* Supporting Files */,
			);
			path = Wonderland;
			sourceTree = "<group>";
		};
		2C93CCA119713B7600AC4A8F /* Supporting Files */ = {
			isa = PBXGroup;
			children = (
				2C93CCA219713B7600AC4A8F /* Info.plist */,
				2C93CCA319713B7600AC4A8F /* main.m */,
			);
			name = "Supporting Files";
			sourceTree = "<group>";
		};
		2C93CCBA19713B7600AC4A8F /* WonderlandTests */ = {
			isa = PBXGroup;
			children = (
				2C93CCBD19713B7600AC4A8F /* WonderlandTests.m */,
				2C93CCBB19713B7600AC4A8F /* Supporting Files */,
			);
			path = WonderlandTests;
			sourceTree = "<group>";
		};
		2C93CCBB19713B7600AC4A8F /* Supporting Files */ = {
			isa = PBXGroup;
			children = (
				2C93CCBC19713B7600AC4A8F /* Info.plist */,
			);
			name = "Supporting Files";
			sourceTree = "<group>";
		};
/* End PBXGroup section */

/* Begin PBXNativeTarget section */
		2C93CC9D19713B7600AC4A8F /* Wonderland */ = {
			isa = PBXNativeTarget;
			buildConfigurationList = 2C93CCC119713B7600AC4A8F /* Build configuration list for PBXNativeTarget "Wonderland" */;
			buildPhases = (
				2C93CC9A19713B7600AC4A8F /* Sources */,
				2C93CC9B19713B7600AC4A8F /* Frameworks */,
				2C93CC9C19713B7600AC4A8F /* Resources */,
			);
			buildRules = (
			);
			dependencies = (
			);
			name = Wonderland;
			productName = Wonderland;
			productReference = 2C93CC9E19713B7600AC4A8F /* Wonderland.app */;
			productType = "com.apple.product-type.application";
		};
		2C93CCB619713B7600AC4A8F /* WonderlandTests */ = {
			isa = PBXNativeTarget;
			buildConfigurationList = 2C93CCC419713B7600AC4A8F /* Build configuration list for PBXNativeTarget "WonderlandTests" */;
			buildPhases = (
				2C93CCB319713B7600AC4A8F /* Sources */,
				2C93CCB419713B7600AC4A8F /* Frameworks */,
				2C93CCB519713B7600AC4A8F /* Resources */,
			);
			buildRules = (
			);
			dependencies = (
				2C93CCB919713B7600AC4A8F /* PBXTargetDependency */,
			);
			name = WonderlandTests;
			productName = WonderlandTests;
			productReference = 2C93CCB719713B7600AC4A8F /* WonderlandTests.xctest */;
			productType = "com.apple.product-type.bundle.unit-test";
		};
/* End PBXNativeTarget section */

/* Begin PBXProject section */
		2C93CC9619713B7600AC4A8F /* Project object */ = {
			isa = PBXProject;
			attributes = {
				LastUpgradeCheck = 0600;
				ORGANIZATIONNAME = metodowhite;
				TargetAttributes = {
					2C93CC9D19713B7600AC4A8F = {
						CreatedOnToolsVersion = 6.0;
					};
					2C93CCB619713B7600AC4A8F = {
						CreatedOnToolsVersion = 6.0;
						TestTargetID = 2C93CC9D19713B7600AC4A8F;
					};
				};
			};
			buildConfigurationList = 2C93CC9919713B7600AC4A8F /* Build configuration list for PBXProject "Wonderland" */;
			compatibilityVersion = "Xcode 3.2";
			developmentRegion = English;
			hasScannedForEncodings = 0;
			knownRegions = (
				en,
				Base,
			);
			mainGroup = 2C93CC9519713B7600AC4A8F;
			productRefGroup = 2C93CC9F19713B7600AC4A8F /* Products */;
			projectDirPath = "";
			projectRoot = "";
			targets = (
				2C93CC9D19713B7600AC4A8F /* Wonderland */,
				2C93CCB619713B7600AC4A8F /* WonderlandTests */,
			);
		};
/* End PBXProject section */

/* Begin PBXResourcesBuildPhase section */
		2C93CC9C19713B7600AC4A8F /* Resources */ = {
			isa = PBXResourcesBuildPhase;
			buildActionMask = 2147483647;
			files = (
				2C93CCCB19715C9D00AC4A8F /* Characters.plist in Resources */,
				2C93CCB019713B7600AC4A8F /* Main.storyboard in Resources */,
				2C93CCB219713B7600AC4A8F /* Images.xcassets in Resources */,
			);
			runOnlyForDeploymentPostprocessing = 0;
		};
		2C93CCB519713B7600AC4A8F /* Resources */ = {
			isa = PBXResourcesBuildPhase;
			buildActionMask = 2147483647;
			files = (
			);
			runOnlyForDeploymentPostprocessing = 0;
		};
/* End PBXResourcesBuildPhase section */

/* Begin PBXSourcesBuildPhase section */
		2C93CC9A19713B7600AC4A8F /* Sources */ = {
			isa = PBXSourcesBuildPhase;
			buildActionMask = 2147483647;
			files = (
				2C93CCAD19713B7600AC4A8F /* SecondViewController.m in Sources */,
				2C93CCA719713B7600AC4A8F /* AppDelegate.m in Sources */,
				2C93CCAA19713B7600AC4A8F /* FirstViewController.m in Sources */,
				2C93CCC919715C8000AC4A8F /* CharactersTableViewController.m in Sources */,
				2C93CCA419713B7600AC4A8F /* main.m in Sources */,
			);
			runOnlyForDeploymentPostprocessing = 0;
		};
		2C93CCB319713B7600AC4A8F /* Sources */ = {
			isa = PBXSourcesBuildPhase;
			buildActionMask = 2147483647;
			files = (
				2C93CCBE19713B7600AC4A8F /* WonderlandTests.m in Sources */,
			);
			runOnlyForDeploymentPostprocessing = 0;
		};
/* End PBXSourcesBuildPhase section */

/* Begin PBXTargetDependency section */
		2C93CCB919713B7600AC4A8F /* PBXTargetDependency */ = {
			isa = PBXTargetDependency;
			target = 2C93CC9D19713B7600AC4A8F /* Wonderland */;
			targetProxy = 2C93CCB819713B7600AC4A8F /* PBXContainerItemProxy */;
		};
/* End PBXTargetDependency section */

/* Begin PBXVariantGroup section */
		2C93CCAE19713B7600AC4A8F /* Main.storyboard */ = {
			isa = PBXVariantGroup;
			children = (
				2C93CCAF19713B7600AC4A8F /* Base */,
			);
			name = Main.storyboard;
			sourceTree = "<group>";
		};
/* End PBXVariantGroup section */

/* Begin XCBuildConfiguration section */
		2C93CCBF19713B7600AC4A8F /* Debug */ = {
			isa = XCBuildConfiguration;
			buildSettings = {
				ALWAYS_SEARCH_USER_PATHS = NO;
				CLANG_CXX_LANGUAGE_STANDARD = "gnu++0x";
				CLANG_CXX_LIBRARY = "libc++";
				CLANG_ENABLE_MODULES = YES;
				CLANG_ENABLE_OBJC_ARC = YES;
				CLANG_WARN_BOOL_CONVERSION = YES;
				CLANG_WARN_CONSTANT_CONVERSION = YES;
				CLANG_WARN_DIRECT_OBJC_ISA_USAGE = YES_ERROR;
				CLANG_WARN_EMPTY_BODY = YES;
				CLANG_WARN_ENUM_CONVERSION = YES;
				CLANG_WARN_INT_CONVERSION = YES;
				CLANG_WARN_OBJC_ROOT_CLASS = YES_ERROR;
				CLANG_WARN_UNREACHABLE_CODE = YES;
				CLANG_WARN__DUPLICATE_METHOD_MATCH = YES;
				"CODE_SIGN_IDENTITY[sdk=iphoneos*]" = "iPhone Developer";
				COPY_PHASE_STRIP = NO;
				ENABLE_STRICT_OBJC_MSGSEND = YES;
				GCC_C_LANGUAGE_STANDARD = gnu99;
				GCC_DYNAMIC_NO_PIC = NO;
				GCC_OPTIMIZATION_LEVEL = 0;
				GCC_PREPROCESSOR_DEFINITIONS = (
					"DEBUG=1",
					"$(inherited)",
				);
				GCC_SYMBOLS_PRIVATE_EXTERN = NO;
				GCC_WARN_64_TO_32_BIT_CONVERSION = YES;
				GCC_WARN_ABOUT_RETURN_TYPE = YES_ERROR;
				GCC_WARN_UNDECLARED_SELECTOR = YES;
				GCC_WARN_UNINITIALIZED_AUTOS = YES_AGGRESSIVE;
				GCC_WARN_UNUSED_FUNCTION = YES;
				GCC_WARN_UNUSED_VARIABLE = YES;
				IPHONEOS_DEPLOYMENT_TARGET = 8.0;
				MTL_ENABLE_DEBUG_INFO = YES;
				ONLY_ACTIVE_ARCH = YES;
				SDKROOT = iphoneos;
				TARGETED_DEVICE_FAMILY = "1,2";
			};
			name = Debug;
		};
		2C93CCC019713B7600AC4A8F /* Release */ = {
			isa = XCBuildConfiguration;
			buildSettings = {
				ALWAYS_SEARCH_USER_PATHS = NO;
				CLANG_CXX_LANGUAGE_STANDARD = "gnu++0x";
				CLANG_CXX_LIBRARY = "libc++";
				CLANG_ENABLE_MODULES = YES;
				CLANG_ENABLE_OBJC_ARC = YES;
				CLANG_WARN_BOOL_CONVERSION = YES;
				CLANG_WARN_CONSTANT_CONVERSION = YES;
				CLANG_WARN_DIRECT_OBJC_ISA_USAGE = YES_ERROR;
				CLANG_WARN_EMPTY_BODY = YES;
				CLANG_WARN_ENUM_CONVERSION = YES;
				CLANG_WARN_INT_CONVERSION = YES;
				CLANG_WARN_OBJC_ROOT_CLASS = YES_ERROR;
				CLANG_WARN_UNREACHABLE_CODE = YES;
				CLANG_WARN__DUPLICATE_METHOD_MATCH = YES;
				"CODE_SIGN_IDENTITY[sdk=iphoneos*]" = "iPhone Developer";
				COPY_PHASE_STRIP = YES;
				ENABLE_NS_ASSERTIONS = NO;
				ENABLE_STRICT_OBJC_MSGSEND = YES;
				GCC_C_LANGUAGE_STANDARD = gnu99;
				GCC_WARN_64_TO_32_BIT_CONVERSION = YES;
				GCC_WARN_ABOUT_RETURN_TYPE = YES_ERROR;
				GCC_WARN_UNDECLARED_SELECTOR = YES;
				GCC_WARN_UNINITIALIZED_AUTOS = YES_AGGRESSIVE;
				GCC_WARN_UNUSED_FUNCTION = YES;
				GCC_WARN_UNUSED_VARIABLE = YES;
				IPHONEOS_DEPLOYMENT_TARGET = 8.0;
				MTL_ENABLE_DEBUG_INFO = NO;
				SDKROOT = iphoneos;
				TARGETED_DEVICE_FAMILY = "1,2";
				VALIDATE_PRODUCT = YES;
			};
			name = Release;
		};
		2C93CCC219713B7600AC4A8F /* Debug */ = {
			isa = XCBuildConfiguration;
			buildSettings = {
				ASSETCATALOG_COMPILER_APPICON_NAME = AppIcon;
				ASSETCATALOG_COMPILER_LAUNCHIMAGE_NAME = LaunchImage;
				INFOPLIST_FILE = Wonderland/Info.plist;
				LD_RUNPATH_SEARCH_PATHS = "$(inherited) @executable_path/Frameworks";
				PRODUCT_NAME = "$(TARGET_NAME)";
			};
			name = Debug;
		};
		2C93CCC319713B7600AC4A8F /* Release */ = {
			isa = XCBuildConfiguration;
			buildSettings = {
				ASSETCATALOG_COMPILER_APPICON_NAME = AppIcon;
				ASSETCATALOG_COMPILER_LAUNCHIMAGE_NAME = LaunchImage;
				INFOPLIST_FILE = Wonderland/Info.plist;
				LD_RUNPATH_SEARCH_PATHS = "$(inherited) @executable_path/Frameworks";
				PRODUCT_NAME = "$(TARGET_NAME)";
			};
			name = Release;
		};
		2C93CCC519713B7600AC4A8F /* Debug */ = {
			isa = XCBuildConfiguration;
			buildSettings = {
				BUNDLE_LOADER = "$(BUILT_PRODUCTS_DIR)/Wonderland.app/Wonderland";
				FRAMEWORK_SEARCH_PATHS = (
					"$(SDKROOT)/Developer/Library/Frameworks",
					"$(inherited)",
				);
				GCC_PREPROCESSOR_DEFINITIONS = (
					"DEBUG=1",
					"$(inherited)",
				);
				INFOPLIST_FILE = WonderlandTests/Info.plist;
				LD_RUNPATH_SEARCH_PATHS = "$(inherited) @executable_path/Frameworks @loader_path/Frameworks";
				PRODUCT_NAME = "$(TARGET_NAME)";
				TEST_HOST = "$(BUNDLE_LOADER)";
			};
			name = Debug;
		};
		2C93CCC619713B7600AC4A8F /* Release */ = {
			isa = XCBuildConfiguration;
			buildSettings = {
				BUNDLE_LOADER = "$(BUILT_PRODUCTS_DIR)/Wonderland.app/Wonderland";
				FRAMEWORK_SEARCH_PATHS = (
					"$(SDKROOT)/Developer/Library/Frameworks",
					"$(inherited)",
				);
				INFOPLIST_FILE = WonderlandTests/Info.plist;
				LD_RUNPATH_SEARCH_PATHS = "$(inherited) @executable_path/Frameworks @loader_path/Frameworks";
				PRODUCT_NAME = "$(TARGET_NAME)";
				TEST_HOST = "$(BUNDLE_LOADER)";
			};
			name = Release;
		};
/* End XCBuildConfiguration section */

/* Begin XCConfigurationList section */
		2C93CC9919713B7600AC4A8F /* Build configuration list for PBXProject "Wonderland" */ = {
			isa = XCConfigurationList;
			buildConfigurations = (
				2C93CCBF19713B7600AC4A8F /* Debug */,
				2C93CCC019713B7600AC4A8F /* Release */,
			);
			defaultConfigurationIsVisible = 0;
			defaultConfigurationName = Release;
		};
		2C93CCC119713B7600AC4A8F /* Build configuration list for PBXNativeTarget "Wonderland" */ = {
			isa = XCConfigurationList;
			buildConfigurations = (
				2C93CCC219713B7600AC4A8F /* Debug */,
				2C93CCC319713B7600AC4A8F /* Release */,
			);
			defaultConfigurationIsVisible = 0;
		};
		2C93CCC419713B7600AC4A8F /* Build configuration list for PBXNativeTarget "WonderlandTests" */ = {
			isa = XCConfigurationList;
			buildConfigurations = (
				2C93CCC519713B7600AC4A8F /* Debug */,
				2C93CCC619713B7600AC4A8F /* Release */,
			);
			defaultConfigurationIsVisible = 0;
		};
/* End XCConfigurationList section */
	};
	rootObject = 2C93CC9619713B7600AC4A8F /* Project object */;
}
