// !$*UTF8*$!
{
	archiveVersion = 1;
	classes = {
	};
	objectVersion = 46;
	objects = {

/* Begin PBXBuildFile section */
		2C8C2B4D197A6853007A66E7 /* main.m in Sources */ = {isa = PBXBuildFile; fileRef = 2C8C2B4C197A6853007A66E7 /* main.m */; };
		2C8C2B50197A6853007A66E7 /* AppDelegate.m in Sources */ = {isa = PBXBuildFile; fileRef = 2C8C2B4F197A6853007A66E7 /* AppDelegate.m */; };
		2C8C2B53197A6853007A66E7 /* ViewController.m in Sources */ = {isa = PBXBuildFile; fileRef = 2C8C2B52197A6853007A66E7 /* ViewController.m */; };
		2C8C2B56197A6853007A66E7 /* Main.storyboard in Resources */ = {isa = PBXBuildFile; fileRef = 2C8C2B54197A6853007A66E7 /* Main.storyboard */; };
		2C8C2B58197A6853007A66E7 /* Images.xcassets in Resources */ = {isa = PBXBuildFile; fileRef = 2C8C2B57197A6853007A66E7 /* Images.xcassets */; };
		2C8C2B64197A6853007A66E7 /* MiPrimerJSONTests.m in Sources */ = {isa = PBXBuildFile; fileRef = 2C8C2B63197A6853007A66E7 /* MiPrimerJSONTests.m */; };
/* End PBXBuildFile section */

/* Begin PBXContainerItemProxy section */
		2C8C2B5E197A6853007A66E7 /* PBXContainerItemProxy */ = {
			isa = PBXContainerItemProxy;
			containerPortal = 2C8C2B3F197A6853007A66E7 /* Project object */;
			proxyType = 1;
			remoteGlobalIDString = 2C8C2B46197A6853007A66E7;
			remoteInfo = MiPrimerJSON;
		};
/* End PBXContainerItemProxy section */

/* Begin PBXFileReference section */
		2C8C2B47197A6853007A66E7 /* MiPrimerJSON.app */ = {isa = PBXFileReference; explicitFileType = wrapper.application; includeInIndex = 0; path = MiPrimerJSON.app; sourceTree = BUILT_PRODUCTS_DIR; };
		2C8C2B4B197A6853007A66E7 /* Info.plist */ = {isa = PBXFileReference; lastKnownFileType = text.plist.xml; path = Info.plist; sourceTree = "<group>"; };
		2C8C2B4C197A6853007A66E7 /* main.m */ = {isa = PBXFileReference; lastKnownFileType = sourcecode.c.objc; path = main.m; sourceTree = "<group>"; };
		2C8C2B4E197A6853007A66E7 /* AppDelegate.h */ = {isa = PBXFileReference; lastKnownFileType = sourcecode.c.h; path = AppDelegate.h; sourceTree = "<group>"; };
		2C8C2B4F197A6853007A66E7 /* AppDelegate.m */ = {isa = PBXFileReference; lastKnownFileType = sourcecode.c.objc; path = AppDelegate.m; sourceTree = "<group>"; };
		2C8C2B51197A6853007A66E7 /* ViewController.h */ = {isa = PBXFileReference; lastKnownFileType = sourcecode.c.h; path = ViewController.h; sourceTree = "<group>"; };
		2C8C2B52197A6853007A66E7 /* ViewController.m */ = {isa = PBXFileReference; lastKnownFileType = sourcecode.c.objc; path = ViewController.m; sourceTree = "<group>"; };
		2C8C2B55197A6853007A66E7 /* Base */ = {isa = PBXFileReference; lastKnownFileType = file.storyboard; name = Base; path = Base.lproj/Main.storyboard; sourceTree = "<group>"; };
		2C8C2B57197A6853007A66E7 /* Images.xcassets */ = {isa = PBXFileReference; lastKnownFileType = folder.assetcatalog; path = Images.xcassets; sourceTree = "<group>"; };
		2C8C2B5D197A6853007A66E7 /* MiPrimerJSONTests.xctest */ = {isa = PBXFileReference; explicitFileType = wrapper.cfbundle; includeInIndex = 0; path = MiPrimerJSONTests.xctest; sourceTree = BUILT_PRODUCTS_DIR; };
		2C8C2B62197A6853007A66E7 /* Info.plist */ = {isa = PBXFileReference; lastKnownFileType = text.plist.xml; path = Info.plist; sourceTree = "<group>"; };
		2C8C2B63197A6853007A66E7 /* MiPrimerJSONTests.m */ = {isa = PBXFileReference; lastKnownFileType = sourcecode.c.objc; path = MiPrimerJSONTests.m; sourceTree = "<group>"; };
/* End PBXFileReference section */

/* Begin PBXFrameworksBuildPhase section */
		2C8C2B44197A6853007A66E7 /* Frameworks */ = {
			isa = PBXFrameworksBuildPhase;
			buildActionMask = 2147483647;
			files = (
			);
			runOnlyForDeploymentPostprocessing = 0;
		};
		2C8C2B5A197A6853007A66E7 /* Frameworks */ = {
			isa = PBXFrameworksBuildPhase;
			buildActionMask = 2147483647;
			files = (
			);
			runOnlyForDeploymentPostprocessing = 0;
		};
/* End PBXFrameworksBuildPhase section */

/* Begin PBXGroup section */
		2C8C2B3E197A6853007A66E7 = {
			isa = PBXGroup;
			children = (
				2C8C2B49197A6853007A66E7 /* MiPrimerJSON */,
				2C8C2B60197A6853007A66E7 /* MiPrimerJSONTests */,
				2C8C2B48197A6853007A66E7 /* Products */,
			);
			sourceTree = "<group>";
		};
		2C8C2B48197A6853007A66E7 /* Products */ = {
			isa = PBXGroup;
			children = (
				2C8C2B47197A6853007A66E7 /* MiPrimerJSON.app */,
				2C8C2B5D197A6853007A66E7 /* MiPrimerJSONTests.xctest */,
			);
			name = Products;
			sourceTree = "<group>";
		};
		2C8C2B49197A6853007A66E7 /* MiPrimerJSON */ = {
			isa = PBXGroup;
			children = (
				2C8C2B4E197A6853007A66E7 /* AppDelegate.h */,
				2C8C2B4F197A6853007A66E7 /* AppDelegate.m */,
				2C8C2B51197A6853007A66E7 /* ViewController.h */,
				2C8C2B52197A6853007A66E7 /* ViewController.m */,
				2C8C2B54197A6853007A66E7 /* Main.storyboard */,
				2C8C2B57197A6853007A66E7 /* Images.xcassets */,
				2C8C2B4A197A6853007A66E7 /* Supporting Files */,
			);
			path = MiPrimerJSON;
			sourceTree = "<group>";
		};
		2C8C2B4A197A6853007A66E7 /* Supporting Files */ = {
			isa = PBXGroup;
			children = (
				2C8C2B4B197A6853007A66E7 /* Info.plist */,
				2C8C2B4C197A6853007A66E7 /* main.m */,
			);
			name = "Supporting Files";
			sourceTree = "<group>";
		};
		2C8C2B60197A6853007A66E7 /* MiPrimerJSONTests */ = {
			isa = PBXGroup;
			children = (
				2C8C2B63197A6853007A66E7 /* MiPrimerJSONTests.m */,
				2C8C2B61197A6853007A66E7 /* Supporting Files */,
			);
			path = MiPrimerJSONTests;
			sourceTree = "<group>";
		};
		2C8C2B61197A6853007A66E7 /* Supporting Files */ = {
			isa = PBXGroup;
			children = (
				2C8C2B62197A6853007A66E7 /* Info.plist */,
			);
			name = "Supporting Files";
			sourceTree = "<group>";
		};
/* End PBXGroup section */

/* Begin PBXNativeTarget section */
		2C8C2B46197A6853007A66E7 /* MiPrimerJSON */ = {
			isa = PBXNativeTarget;
			buildConfigurationList = 2C8C2B67197A6853007A66E7 /* Build configuration list for PBXNativeTarget "MiPrimerJSON" */;
			buildPhases = (
				2C8C2B43197A6853007A66E7 /* Sources */,
				2C8C2B44197A6853007A66E7 /* Frameworks */,
				2C8C2B45197A6853007A66E7 /* Resources */,
			);
			buildRules = (
			);
			dependencies = (
			);
			name = MiPrimerJSON;
			productName = MiPrimerJSON;
			productReference = 2C8C2B47197A6853007A66E7 /* MiPrimerJSON.app */;
			productType = "com.apple.product-type.application";
		};
		2C8C2B5C197A6853007A66E7 /* MiPrimerJSONTests */ = {
			isa = PBXNativeTarget;
			buildConfigurationList = 2C8C2B6A197A6853007A66E7 /* Build configuration list for PBXNativeTarget "MiPrimerJSONTests" */;
			buildPhases = (
				2C8C2B59197A6853007A66E7 /* Sources */,
				2C8C2B5A197A6853007A66E7 /* Frameworks */,
				2C8C2B5B197A6853007A66E7 /* Resources */,
			);
			buildRules = (
			);
			dependencies = (
				2C8C2B5F197A6853007A66E7 /* PBXTargetDependency */,
			);
			name = MiPrimerJSONTests;
			productName = MiPrimerJSONTests;
			productReference = 2C8C2B5D197A6853007A66E7 /* MiPrimerJSONTests.xctest */;
			productType = "com.apple.product-type.bundle.unit-test";
		};
/* End PBXNativeTarget section */

/* Begin PBXProject section */
		2C8C2B3F197A6853007A66E7 /* Project object */ = {
			isa = PBXProject;
			attributes = {
				LastUpgradeCheck = 0600;
				ORGANIZATIONNAME = metodowhite;
				TargetAttributes = {
					2C8C2B46197A6853007A66E7 = {
						CreatedOnToolsVersion = 6.0;
					};
					2C8C2B5C197A6853007A66E7 = {
						CreatedOnToolsVersion = 6.0;
						TestTargetID = 2C8C2B46197A6853007A66E7;
					};
				};
			};
			buildConfigurationList = 2C8C2B42197A6853007A66E7 /* Build configuration list for PBXProject "MiPrimerJSON" */;
			compatibilityVersion = "Xcode 3.2";
			developmentRegion = English;
			hasScannedForEncodings = 0;
			knownRegions = (
				en,
				Base,
			);
			mainGroup = 2C8C2B3E197A6853007A66E7;
			productRefGroup = 2C8C2B48197A6853007A66E7 /* Products */;
			projectDirPath = "";
			projectRoot = "";
			targets = (
				2C8C2B46197A6853007A66E7 /* MiPrimerJSON */,
				2C8C2B5C197A6853007A66E7 /* MiPrimerJSONTests */,
			);
		};
/* End PBXProject section */

/* Begin PBXResourcesBuildPhase section */
		2C8C2B45197A6853007A66E7 /* Resources */ = {
			isa = PBXResourcesBuildPhase;
			buildActionMask = 2147483647;
			files = (
				2C8C2B56197A6853007A66E7 /* Main.storyboard in Resources */,
				2C8C2B58197A6853007A66E7 /* Images.xcassets in Resources */,
			);
			runOnlyForDeploymentPostprocessing = 0;
		};
		2C8C2B5B197A6853007A66E7 /* Resources */ = {
			isa = PBXResourcesBuildPhase;
			buildActionMask = 2147483647;
			files = (
			);
			runOnlyForDeploymentPostprocessing = 0;
		};
/* End PBXResourcesBuildPhase section */

/* Begin PBXSourcesBuildPhase section */
		2C8C2B43197A6853007A66E7 /* Sources */ = {
			isa = PBXSourcesBuildPhase;
			buildActionMask = 2147483647;
			files = (
				2C8C2B53197A6853007A66E7 /* ViewController.m in Sources */,
				2C8C2B50197A6853007A66E7 /* AppDelegate.m in Sources */,
				2C8C2B4D197A6853007A66E7 /* main.m in Sources */,
			);
			runOnlyForDeploymentPostprocessing = 0;
		};
		2C8C2B59197A6853007A66E7 /* Sources */ = {
			isa = PBXSourcesBuildPhase;
			buildActionMask = 2147483647;
			files = (
				2C8C2B64197A6853007A66E7 /* MiPrimerJSONTests.m in Sources */,
			);
			runOnlyForDeploymentPostprocessing = 0;
		};
/* End PBXSourcesBuildPhase section */

/* Begin PBXTargetDependency section */
		2C8C2B5F197A6853007A66E7 /* PBXTargetDependency */ = {
			isa = PBXTargetDependency;
			target = 2C8C2B46197A6853007A66E7 /* MiPrimerJSON */;
			targetProxy = 2C8C2B5E197A6853007A66E7 /* PBXContainerItemProxy */;
		};
/* End PBXTargetDependency section */

/* Begin PBXVariantGroup section */
		2C8C2B54197A6853007A66E7 /* Main.storyboard */ = {
			isa = PBXVariantGroup;
			children = (
				2C8C2B55197A6853007A66E7 /* Base */,
			);
			name = Main.storyboard;
			sourceTree = "<group>";
		};
/* End PBXVariantGroup section */

/* Begin XCBuildConfiguration section */
		2C8C2B65197A6853007A66E7 /* Debug */ = {
			isa = XCBuildConfiguration;
			buildSettings = {
				ALWAYS_SEARCH_USER_PATHS = NO;
				CLANG_CXX_LANGUAGE_STANDARD = "gnu++0x";
				CLANG_CXX_LIBRARY = "libc++";
				CLANG_ENABLE_MODULES = YES;
				CLANG_ENABLE_OBJC_ARC = YES;
				CLANG_WARN_BOOL_CONVERSION = YES;
				CLANG_WARN_CONSTANT_CONVERSION = YES;
				CLANG_WARN_DIRECT_OBJC_ISA_USAGE = YES_ERROR;
				CLANG_WARN_EMPTY_BODY = YES;
				CLANG_WARN_ENUM_CONVERSION = YES;
				CLANG_WARN_INT_CONVERSION = YES;
				CLANG_WARN_OBJC_ROOT_CLASS = YES_ERROR;
				CLANG_WARN_UNREACHABLE_CODE = YES;
				CLANG_WARN__DUPLICATE_METHOD_MATCH = YES;
				"CODE_SIGN_IDENTITY[sdk=iphoneos*]" = "iPhone Developer";
				COPY_PHASE_STRIP = NO;
				ENABLE_STRICT_OBJC_MSGSEND = YES;
				GCC_C_LANGUAGE_STANDARD = gnu99;
				GCC_DYNAMIC_NO_PIC = NO;
				GCC_OPTIMIZATION_LEVEL = 0;
				GCC_PREPROCESSOR_DEFINITIONS = (
					"DEBUG=1",
					"$(inherited)",
				);
				GCC_SYMBOLS_PRIVATE_EXTERN = NO;
				GCC_WARN_64_TO_32_BIT_CONVERSION = YES;
				GCC_WARN_ABOUT_RETURN_TYPE = YES_ERROR;
				GCC_WARN_UNDECLARED_SELECTOR = YES;
				GCC_WARN_UNINITIALIZED_AUTOS = YES_AGGRESSIVE;
				GCC_WARN_UNUSED_FUNCTION = YES;
				GCC_WARN_UNUSED_VARIABLE = YES;
				IPHONEOS_DEPLOYMENT_TARGET = 8.0;
				MTL_ENABLE_DEBUG_INFO = YES;
				ONLY_ACTIVE_ARCH = YES;
				SDKROOT = iphoneos;
			};
			name = Debug;
		};
		2C8C2B66197A6853007A66E7 /* Release */ = {
			isa = XCBuildConfiguration;
			buildSettings = {
				ALWAYS_SEARCH_USER_PATHS = NO;
				CLANG_CXX_LANGUAGE_STANDARD = "gnu++0x";
				CLANG_CXX_LIBRARY = "libc++";
				CLANG_ENABLE_MODULES = YES;
				CLANG_ENABLE_OBJC_ARC = YES;
				CLANG_WARN_BOOL_CONVERSION = YES;
				CLANG_WARN_CONSTANT_CONVERSION = YES;
				CLANG_WARN_DIRECT_OBJC_ISA_USAGE = YES_ERROR;
				CLANG_WARN_EMPTY_BODY = YES;
				CLANG_WARN_ENUM_CONVERSION = YES;
				CLANG_WARN_INT_CONVERSION = YES;
				CLANG_WARN_OBJC_ROOT_CLASS = YES_ERROR;
				CLANG_WARN_UNREACHABLE_CODE = YES;
				CLANG_WARN__DUPLICATE_METHOD_MATCH = YES;
				"CODE_SIGN_IDENTITY[sdk=iphoneos*]" = "iPhone Developer";
				COPY_PHASE_STRIP = YES;
				ENABLE_NS_ASSERTIONS = NO;
				ENABLE_STRICT_OBJC_MSGSEND = YES;
				GCC_C_LANGUAGE_STANDARD = gnu99;
				GCC_WARN_64_TO_32_BIT_CONVERSION = YES;
				GCC_WARN_ABOUT_RETURN_TYPE = YES_ERROR;
				GCC_WARN_UNDECLARED_SELECTOR = YES;
				GCC_WARN_UNINITIALIZED_AUTOS = YES_AGGRESSIVE;
				GCC_WARN_UNUSED_FUNCTION = YES;
				GCC_WARN_UNUSED_VARIABLE = YES;
				IPHONEOS_DEPLOYMENT_TARGET = 8.0;
				MTL_ENABLE_DEBUG_INFO = NO;
				SDKROOT = iphoneos;
				VALIDATE_PRODUCT = YES;
			};
			name = Release;
		};
		2C8C2B68197A6853007A66E7 /* Debug */ = {
			isa = XCBuildConfiguration;
			buildSettings = {
				ASSETCATALOG_COMPILER_APPICON_NAME = AppIcon;
				ASSETCATALOG_COMPILER_LAUNCHIMAGE_NAME = LaunchImage;
				INFOPLIST_FILE = MiPrimerJSON/Info.plist;
				LD_RUNPATH_SEARCH_PATHS = "$(inherited) @executable_path/Frameworks";
				PRODUCT_NAME = "$(TARGET_NAME)";
			};
			name = Debug;
		};
		2C8C2B69197A6853007A66E7 /* Release */ = {
			isa = XCBuildConfiguration;
			buildSettings = {
				ASSETCATALOG_COMPILER_APPICON_NAME = AppIcon;
				ASSETCATALOG_COMPILER_LAUNCHIMAGE_NAME = LaunchImage;
				INFOPLIST_FILE = MiPrimerJSON/Info.plist;
				LD_RUNPATH_SEARCH_PATHS = "$(inherited) @executable_path/Frameworks";
				PRODUCT_NAME = "$(TARGET_NAME)";
			};
			name = Release;
		};
		2C8C2B6B197A6853007A66E7 /* Debug */ = {
			isa = XCBuildConfiguration;
			buildSettings = {
				BUNDLE_LOADER = "$(BUILT_PRODUCTS_DIR)/MiPrimerJSON.app/MiPrimerJSON";
				FRAMEWORK_SEARCH_PATHS = (
					"$(SDKROOT)/Developer/Library/Frameworks",
					"$(inherited)",
				);
				GCC_PREPROCESSOR_DEFINITIONS = (
					"DEBUG=1",
					"$(inherited)",
				);
				INFOPLIST_FILE = MiPrimerJSONTests/Info.plist;
				LD_RUNPATH_SEARCH_PATHS = "$(inherited) @executable_path/Frameworks @loader_path/Frameworks";
				PRODUCT_NAME = "$(TARGET_NAME)";
				TEST_HOST = "$(BUNDLE_LOADER)";
			};
			name = Debug;
		};
		2C8C2B6C197A6853007A66E7 /* Release */ = {
			isa = XCBuildConfiguration;
			buildSettings = {
				BUNDLE_LOADER = "$(BUILT_PRODUCTS_DIR)/MiPrimerJSON.app/MiPrimerJSON";
				FRAMEWORK_SEARCH_PATHS = (
					"$(SDKROOT)/Developer/Library/Frameworks",
					"$(inherited)",
				);
				INFOPLIST_FILE = MiPrimerJSONTests/Info.plist;
				LD_RUNPATH_SEARCH_PATHS = "$(inherited) @executable_path/Frameworks @loader_path/Frameworks";
				PRODUCT_NAME = "$(TARGET_NAME)";
				TEST_HOST = "$(BUNDLE_LOADER)";
			};
			name = Release;
		};
/* End XCBuildConfiguration section */

/* Begin XCConfigurationList section */
		2C8C2B42197A6853007A66E7 /* Build configuration list for PBXProject "MiPrimerJSON" */ = {
			isa = XCConfigurationList;
			buildConfigurations = (
				2C8C2B65197A6853007A66E7 /* Debug */,
				2C8C2B66197A6853007A66E7 /* Release */,
			);
			defaultConfigurationIsVisible = 0;
			defaultConfigurationName = Release;
		};
		2C8C2B67197A6853007A66E7 /* Build configuration list for PBXNativeTarget "MiPrimerJSON" */ = {
			isa = XCConfigurationList;
			buildConfigurations = (
				2C8C2B68197A6853007A66E7 /* Debug */,
				2C8C2B69197A6853007A66E7 /* Release */,
			);
			defaultConfigurationIsVisible = 0;
		};
		2C8C2B6A197A6853007A66E7 /* Build configuration list for PBXNativeTarget "MiPrimerJSONTests" */ = {
			isa = XCConfigurationList;
			buildConfigurations = (
				2C8C2B6B197A6853007A66E7 /* Debug */,
				2C8C2B6C197A6853007A66E7 /* Release */,
			);
			defaultConfigurationIsVisible = 0;
		};
/* End XCConfigurationList section */
	};
	rootObject = 2C8C2B3F197A6853007A66E7 /* Project object */;
}
